PODS:
  - Alamofire (5.4.4)
  - Gifu (3.3.1)
  - InfiniteLayout (0.4.2):
    - InfiniteLayout/Core (= 0.4.2)
  - InfiniteLayout/CocoaProxy (0.4.2)
  - InfiniteLayout/Core (0.4.2):
    - InfiniteLayout/CocoaProxy
  - Nuke (8.4.1)
  - PixleeSDK (1.0.0):
    - PixleeSDK/SDK (= 1.0.0)
  - PixleeSDK/SDK (1.0.0):
    - Alamofire (~> 5.0)
    - Gifu (~> 3.3)
    - InfiniteLayout (~> 0.4.2)
    - Nuke (~> 8.0)

DEPENDENCIES:
  - PixleeSDK (from `../`)

SPEC REPOS:
  trunk:
    - Alamofire
    - Gifu
    - InfiniteLayout
    - Nuke

EXTERNAL SOURCES:
  PixleeSDK:
    :path: "../"

SPEC CHECKSUMS:
  Alamofire: f3b09a368f1582ab751b3fff5460276e0d2cf5c9
  Gifu: 416d4e38c4c2fed012f019e0a1d3ffcb58e5b842
  InfiniteLayout: de51cfad9ed480a3e3a0af7d28242d3257c606d9
  Nuke: d780e3507a86b86c589ab3cc5cd302d5456f06fb
  PixleeSDK: e8e7451e7a155e72c9f8c9838c6235253f63ab64

PODFILE CHECKSUM: 9fcadd8d6a95fd37a19efc0937c316d7185eea5a

COCOAPODS: 1.11.2
