PODS:
  - Alamofire (4.9.1)
  - Nuke (8.4.0)
  - PixleeSDK (1.9.0):
    - Alamofire (~> 4.9)
    - Nuke (~> 8.4.0)

DEPENDENCIES:
  - PixleeSDK (from `../`)

SPEC REPOS:
  trunk:
    - Alamofire
    - Nuke

EXTERNAL SOURCES:
  PixleeSDK:
    :path: "../"

SPEC CHECKSUMS:
  Alamofire: 85e8a02c69d6020a0d734f6054870d7ecb75cf18
  Nuke: fa6f784c4f7e1c0f9313668510186c68b7af2509
  PixleeSDK: bac01ac47c275757b2fc7661fc79cb0c382c1923

PODFILE CHECKSUM: 9fcadd8d6a95fd37a19efc0937c316d7185eea5a

COCOAPODS: 1.8.4
