// !$*UTF8*$!
{
	archiveVersion = 1;
	classes = {
	};
	objectVersion = 51;
	objects = {

/* Begin PBXBuildFile section */
		2146AA63DEA854F748B84E2A /* Pods_ExampleTests.framework in Frameworks */ = {isa = PBXBuildFile; fileRef = D8DF01205A5126F0A0E4D097 /* Pods_ExampleTests.framework */; };
		94C0640BECA3DF31E9641762 /* Pods_Example.framework in Frameworks */ = {isa = PBXBuildFile; fileRef = 642CA3B960C93EE246734429 /* Pods_Example.framework */; };
		D8055AF6EAC69FBAD1A5E855 /* Pods_Example_ExampleUITests.framework in Frameworks */ = {isa = PBXBuildFile; fileRef = 696F3B826D6EC765702835B7 /* Pods_Example_ExampleUITests.framework */; };
		F228094323CFA56A00B1E77C /* PXLAlbumViewController.swift in Sources */ = {isa = PBXBuildFile; fileRef = F228094123CFA56A00B1E77C /* PXLAlbumViewController.swift */; };
		F228094423CFA56A00B1E77C /* PXLAlbumViewController.xib in Resources */ = {isa = PBXBuildFile; fileRef = F228094223CFA56A00B1E77C /* PXLAlbumViewController.xib */; };
		F228094723CFACE000B1E77C /* DateExtension.swift in Sources */ = {isa = PBXBuildFile; fileRef = F228094623CFACE000B1E77C /* DateExtension.swift */; };
		F24D42F523C65BBE0091E324 /* AppDelegate.swift in Sources */ = {isa = PBXBuildFile; fileRef = F24D42F423C65BBE0091E324 /* AppDelegate.swift */; };
		F24D42F723C65BBE0091E324 /* SceneDelegate.swift in Sources */ = {isa = PBXBuildFile; fileRef = F24D42F623C65BBE0091E324 /* SceneDelegate.swift */; };
		F24D42F923C65BBE0091E324 /* ViewController.swift in Sources */ = {isa = PBXBuildFile; fileRef = F24D42F823C65BBE0091E324 /* ViewController.swift */; };
		F24D42FC23C65BBE0091E324 /* Main.storyboard in Resources */ = {isa = PBXBuildFile; fileRef = F24D42FA23C65BBE0091E324 /* Main.storyboard */; };
		F24D42FE23C65BBF0091E324 /* Assets.xcassets in Resources */ = {isa = PBXBuildFile; fileRef = F24D42FD23C65BBF0091E324 /* Assets.xcassets */; };
		F24D430123C65BBF0091E324 /* LaunchScreen.storyboard in Resources */ = {isa = PBXBuildFile; fileRef = F24D42FF23C65BBF0091E324 /* LaunchScreen.storyboard */; };
		F24D430C23C65BC00091E324 /* ExampleTests.swift in Sources */ = {isa = PBXBuildFile; fileRef = F24D430B23C65BC00091E324 /* ExampleTests.swift */; };
		F24D431723C65BC00091E324 /* ExampleUITests.swift in Sources */ = {isa = PBXBuildFile; fileRef = F24D431623C65BC00091E324 /* ExampleUITests.swift */; };
		F25A2BD223CF952500D0D6D2 /* PXLProductCell.swift in Sources */ = {isa = PBXBuildFile; fileRef = F25A2BD023CF952500D0D6D2 /* PXLProductCell.swift */; };
		F25A2BD323CF952500D0D6D2 /* PXLProductCell.xib in Resources */ = {isa = PBXBuildFile; fileRef = F25A2BD123CF952500D0D6D2 /* PXLProductCell.xib */; };
		F272622323D1C6D7000EB947 /* PXLAlbumViewModel.swift in Sources */ = {isa = PBXBuildFile; fileRef = F272622223D1C6D7000EB947 /* PXLAlbumViewModel.swift */; };
		F2F8337323CB86BE0072641B /* ImageDetailsViewController.swift in Sources */ = {isa = PBXBuildFile; fileRef = F2F8337123CB86BE0072641B /* ImageDetailsViewController.swift */; };
		F2F8337423CB86BE0072641B /* ImageDetailsViewController.xib in Resources */ = {isa = PBXBuildFile; fileRef = F2F8337223CB86BE0072641B /* ImageDetailsViewController.xib */; };
		F2F8337823CB8F750072641B /* PXLImageCell.swift in Sources */ = {isa = PBXBuildFile; fileRef = F2F8337623CB8F750072641B /* PXLImageCell.swift */; };
		F2F8337923CB8F750072641B /* PXLImageCell.xib in Resources */ = {isa = PBXBuildFile; fileRef = F2F8337723CB8F750072641B /* PXLImageCell.xib */; };
/* End PBXBuildFile section */

/* Begin PBXContainerItemProxy section */
		F24D430823C65BC00091E324 /* PBXContainerItemProxy */ = {
			isa = PBXContainerItemProxy;
			containerPortal = F24D42E923C65BBE0091E324 /* Project object */;
			proxyType = 1;
			remoteGlobalIDString = F24D42F023C65BBE0091E324;
			remoteInfo = Example;
		};
		F24D431323C65BC00091E324 /* PBXContainerItemProxy */ = {
			isa = PBXContainerItemProxy;
			containerPortal = F24D42E923C65BBE0091E324 /* Project object */;
			proxyType = 1;
			remoteGlobalIDString = F24D42F023C65BBE0091E324;
			remoteInfo = Example;
		};
/* End PBXContainerItemProxy section */

/* Begin PBXFileReference section */
		09709C7B56523FEF6ADF2C49 /* Pods-ExampleTests.debug.xcconfig */ = {isa = PBXFileReference; includeInIndex = 1; lastKnownFileType = text.xcconfig; name = "Pods-ExampleTests.debug.xcconfig"; path = "Target Support Files/Pods-ExampleTests/Pods-ExampleTests.debug.xcconfig"; sourceTree = "<group>"; };
		0E545E1A5E7B8ADBE31AF7FD /* Pods-ExampleTests.release.xcconfig */ = {isa = PBXFileReference; includeInIndex = 1; lastKnownFileType = text.xcconfig; name = "Pods-ExampleTests.release.xcconfig"; path = "Target Support Files/Pods-ExampleTests/Pods-ExampleTests.release.xcconfig"; sourceTree = "<group>"; };
		5CA2236C7314A391A218AFB3 /* Pods-Example.release.xcconfig */ = {isa = PBXFileReference; includeInIndex = 1; lastKnownFileType = text.xcconfig; name = "Pods-Example.release.xcconfig"; path = "Target Support Files/Pods-Example/Pods-Example.release.xcconfig"; sourceTree = "<group>"; };
		642CA3B960C93EE246734429 /* Pods_Example.framework */ = {isa = PBXFileReference; explicitFileType = wrapper.framework; includeInIndex = 0; path = Pods_Example.framework; sourceTree = BUILT_PRODUCTS_DIR; };
		696F3B826D6EC765702835B7 /* Pods_Example_ExampleUITests.framework */ = {isa = PBXFileReference; explicitFileType = wrapper.framework; includeInIndex = 0; path = Pods_Example_ExampleUITests.framework; sourceTree = BUILT_PRODUCTS_DIR; };
		7B44DCFD7ACC0F08BDE34329 /* Pods-Example.debug.xcconfig */ = {isa = PBXFileReference; includeInIndex = 1; lastKnownFileType = text.xcconfig; name = "Pods-Example.debug.xcconfig"; path = "Target Support Files/Pods-Example/Pods-Example.debug.xcconfig"; sourceTree = "<group>"; };
		A014A7C4C477C418F331B7C8 /* Pods-Example-ExampleUITests.debug.xcconfig */ = {isa = PBXFileReference; includeInIndex = 1; lastKnownFileType = text.xcconfig; name = "Pods-Example-ExampleUITests.debug.xcconfig"; path = "Target Support Files/Pods-Example-ExampleUITests/Pods-Example-ExampleUITests.debug.xcconfig"; sourceTree = "<group>"; };
		D8DF01205A5126F0A0E4D097 /* Pods_ExampleTests.framework */ = {isa = PBXFileReference; explicitFileType = wrapper.framework; includeInIndex = 0; path = Pods_ExampleTests.framework; sourceTree = BUILT_PRODUCTS_DIR; };
		DCAC9142E4ADF433F94D5960 /* Pods-Example-ExampleUITests.release.xcconfig */ = {isa = PBXFileReference; includeInIndex = 1; lastKnownFileType = text.xcconfig; name = "Pods-Example-ExampleUITests.release.xcconfig"; path = "Target Support Files/Pods-Example-ExampleUITests/Pods-Example-ExampleUITests.release.xcconfig"; sourceTree = "<group>"; };
		F228094123CFA56A00B1E77C /* PXLAlbumViewController.swift */ = {isa = PBXFileReference; lastKnownFileType = sourcecode.swift; path = PXLAlbumViewController.swift; sourceTree = "<group>"; };
		F228094223CFA56A00B1E77C /* PXLAlbumViewController.xib */ = {isa = PBXFileReference; lastKnownFileType = file.xib; path = PXLAlbumViewController.xib; sourceTree = "<group>"; };
		F228094623CFACE000B1E77C /* DateExtension.swift */ = {isa = PBXFileReference; lastKnownFileType = sourcecode.swift; path = DateExtension.swift; sourceTree = "<group>"; };
		F24D42F123C65BBE0091E324 /* Example.app */ = {isa = PBXFileReference; explicitFileType = wrapper.application; includeInIndex = 0; path = Example.app; sourceTree = BUILT_PRODUCTS_DIR; };
		F24D42F423C65BBE0091E324 /* AppDelegate.swift */ = {isa = PBXFileReference; lastKnownFileType = sourcecode.swift; path = AppDelegate.swift; sourceTree = "<group>"; };
		F24D42F623C65BBE0091E324 /* SceneDelegate.swift */ = {isa = PBXFileReference; lastKnownFileType = sourcecode.swift; path = SceneDelegate.swift; sourceTree = "<group>"; };
		F24D42F823C65BBE0091E324 /* ViewController.swift */ = {isa = PBXFileReference; lastKnownFileType = sourcecode.swift; path = ViewController.swift; sourceTree = "<group>"; };
		F24D42FB23C65BBE0091E324 /* Base */ = {isa = PBXFileReference; lastKnownFileType = file.storyboard; name = Base; path = Base.lproj/Main.storyboard; sourceTree = "<group>"; };
		F24D42FD23C65BBF0091E324 /* Assets.xcassets */ = {isa = PBXFileReference; lastKnownFileType = folder.assetcatalog; path = Assets.xcassets; sourceTree = "<group>"; };
		F24D430023C65BBF0091E324 /* Base */ = {isa = PBXFileReference; lastKnownFileType = file.storyboard; name = Base; path = Base.lproj/LaunchScreen.storyboard; sourceTree = "<group>"; };
		F24D430223C65BBF0091E324 /* Info.plist */ = {isa = PBXFileReference; lastKnownFileType = text.plist.xml; path = Info.plist; sourceTree = "<group>"; };
		F24D430723C65BC00091E324 /* ExampleTests.xctest */ = {isa = PBXFileReference; explicitFileType = wrapper.cfbundle; includeInIndex = 0; path = ExampleTests.xctest; sourceTree = BUILT_PRODUCTS_DIR; };
		F24D430B23C65BC00091E324 /* ExampleTests.swift */ = {isa = PBXFileReference; lastKnownFileType = sourcecode.swift; path = ExampleTests.swift; sourceTree = "<group>"; };
		F24D430D23C65BC00091E324 /* Info.plist */ = {isa = PBXFileReference; lastKnownFileType = text.plist.xml; path = Info.plist; sourceTree = "<group>"; };
		F24D431223C65BC00091E324 /* ExampleUITests.xctest */ = {isa = PBXFileReference; explicitFileType = wrapper.cfbundle; includeInIndex = 0; path = ExampleUITests.xctest; sourceTree = BUILT_PRODUCTS_DIR; };
		F24D431623C65BC00091E324 /* ExampleUITests.swift */ = {isa = PBXFileReference; lastKnownFileType = sourcecode.swift; path = ExampleUITests.swift; sourceTree = "<group>"; };
		F24D431823C65BC00091E324 /* Info.plist */ = {isa = PBXFileReference; lastKnownFileType = text.plist.xml; path = Info.plist; sourceTree = "<group>"; };
		F25A2BD023CF952500D0D6D2 /* PXLProductCell.swift */ = {isa = PBXFileReference; lastKnownFileType = sourcecode.swift; path = PXLProductCell.swift; sourceTree = "<group>"; };
		F25A2BD123CF952500D0D6D2 /* PXLProductCell.xib */ = {isa = PBXFileReference; lastKnownFileType = file.xib; path = PXLProductCell.xib; sourceTree = "<group>"; };
		F272622223D1C6D7000EB947 /* PXLAlbumViewModel.swift */ = {isa = PBXFileReference; lastKnownFileType = sourcecode.swift; path = PXLAlbumViewModel.swift; sourceTree = "<group>"; };
		F2F8337123CB86BE0072641B /* ImageDetailsViewController.swift */ = {isa = PBXFileReference; lastKnownFileType = sourcecode.swift; path = ImageDetailsViewController.swift; sourceTree = "<group>"; };
		F2F8337223CB86BE0072641B /* ImageDetailsViewController.xib */ = {isa = PBXFileReference; lastKnownFileType = file.xib; path = ImageDetailsViewController.xib; sourceTree = "<group>"; };
		F2F8337623CB8F750072641B /* PXLImageCell.swift */ = {isa = PBXFileReference; lastKnownFileType = sourcecode.swift; name = PXLImageCell.swift; path = Example/Cells/PXLImageCell.swift; sourceTree = SOURCE_ROOT; };
		F2F8337723CB8F750072641B /* PXLImageCell.xib */ = {isa = PBXFileReference; lastKnownFileType = file.xib; name = PXLImageCell.xib; path = Example/Cells/PXLImageCell.xib; sourceTree = SOURCE_ROOT; };
/* End PBXFileReference section */

/* Begin PBXFrameworksBuildPhase section */
		F24D42EE23C65BBE0091E324 /* Frameworks */ = {
			isa = PBXFrameworksBuildPhase;
			buildActionMask = 2147483647;
			files = (
				94C0640BECA3DF31E9641762 /* Pods_Example.framework in Frameworks */,
			);
			runOnlyForDeploymentPostprocessing = 0;
		};
		F24D430423C65BC00091E324 /* Frameworks */ = {
			isa = PBXFrameworksBuildPhase;
			buildActionMask = 2147483647;
			files = (
				2146AA63DEA854F748B84E2A /* Pods_ExampleTests.framework in Frameworks */,
			);
			runOnlyForDeploymentPostprocessing = 0;
		};
		F24D430F23C65BC00091E324 /* Frameworks */ = {
			isa = PBXFrameworksBuildPhase;
			buildActionMask = 2147483647;
			files = (
				D8055AF6EAC69FBAD1A5E855 /* Pods_Example_ExampleUITests.framework in Frameworks */,
			);
			runOnlyForDeploymentPostprocessing = 0;
		};
/* End PBXFrameworksBuildPhase section */

/* Begin PBXGroup section */
		21612BC36F3D954DFD54665D /* Frameworks */ = {
			isa = PBXGroup;
			children = (
				642CA3B960C93EE246734429 /* Pods_Example.framework */,
				696F3B826D6EC765702835B7 /* Pods_Example_ExampleUITests.framework */,
				D8DF01205A5126F0A0E4D097 /* Pods_ExampleTests.framework */,
			);
			name = Frameworks;
			sourceTree = "<group>";
		};
		5075CFA53B7A2064A051287A /* Pods */ = {
			isa = PBXGroup;
			children = (
				7B44DCFD7ACC0F08BDE34329 /* Pods-Example.debug.xcconfig */,
				5CA2236C7314A391A218AFB3 /* Pods-Example.release.xcconfig */,
				A014A7C4C477C418F331B7C8 /* Pods-Example-ExampleUITests.debug.xcconfig */,
				DCAC9142E4ADF433F94D5960 /* Pods-Example-ExampleUITests.release.xcconfig */,
				09709C7B56523FEF6ADF2C49 /* Pods-ExampleTests.debug.xcconfig */,
				0E545E1A5E7B8ADBE31AF7FD /* Pods-ExampleTests.release.xcconfig */,
			);
			path = Pods;
			sourceTree = "<group>";
		};
		F228094523CFA56F00B1E77C /* ViewControllers */ = {
			isa = PBXGroup;
			children = (
				F272622223D1C6D7000EB947 /* PXLAlbumViewModel.swift */,
				F228094123CFA56A00B1E77C /* PXLAlbumViewController.swift */,
				F228094223CFA56A00B1E77C /* PXLAlbumViewController.xib */,
			);
			path = ViewControllers;
			sourceTree = "<group>";
		};
		F228094823CFACE900B1E77C /* Utils */ = {
			isa = PBXGroup;
			children = (
				F228094623CFACE000B1E77C /* DateExtension.swift */,
			);
			path = Utils;
			sourceTree = "<group>";
		};
		F24D42E823C65BBE0091E324 = {
			isa = PBXGroup;
			children = (
				F24D42F323C65BBE0091E324 /* Example */,
				F24D430A23C65BC00091E324 /* ExampleTests */,
				F24D431523C65BC00091E324 /* ExampleUITests */,
				F24D42F223C65BBE0091E324 /* Products */,
				5075CFA53B7A2064A051287A /* Pods */,
				21612BC36F3D954DFD54665D /* Frameworks */,
			);
			sourceTree = "<group>";
		};
		F24D42F223C65BBE0091E324 /* Products */ = {
			isa = PBXGroup;
			children = (
				F24D42F123C65BBE0091E324 /* Example.app */,
				F24D430723C65BC00091E324 /* ExampleTests.xctest */,
				F24D431223C65BC00091E324 /* ExampleUITests.xctest */,
			);
			name = Products;
			sourceTree = "<group>";
		};
		F24D42F323C65BBE0091E324 /* Example */ = {
			isa = PBXGroup;
			children = (
				F24D42F423C65BBE0091E324 /* AppDelegate.swift */,
				F24D42F623C65BBE0091E324 /* SceneDelegate.swift */,
				F24D42F823C65BBE0091E324 /* ViewController.swift */,
				F228094523CFA56F00B1E77C /* ViewControllers */,
				F2F8337523CB86C30072641B /* ImageDetails */,
				F2A0960E23CB784500071640 /* Cells */,
				F228094823CFACE900B1E77C /* Utils */,
				F24D42FA23C65BBE0091E324 /* Main.storyboard */,
				F24D42FD23C65BBF0091E324 /* Assets.xcassets */,
				F24D42FF23C65BBF0091E324 /* LaunchScreen.storyboard */,
				F24D430223C65BBF0091E324 /* Info.plist */,
			);
			path = Example;
			sourceTree = "<group>";
		};
		F24D430A23C65BC00091E324 /* ExampleTests */ = {
			isa = PBXGroup;
			children = (
				F24D430B23C65BC00091E324 /* ExampleTests.swift */,
				F24D430D23C65BC00091E324 /* Info.plist */,
			);
			path = ExampleTests;
			sourceTree = "<group>";
		};
		F24D431523C65BC00091E324 /* ExampleUITests */ = {
			isa = PBXGroup;
			children = (
				F24D431623C65BC00091E324 /* ExampleUITests.swift */,
				F24D431823C65BC00091E324 /* Info.plist */,
			);
			path = ExampleUITests;
			sourceTree = "<group>";
		};
		F2A0960E23CB784500071640 /* Cells */ = {
			isa = PBXGroup;
			children = (
				F2F8337623CB8F750072641B /* PXLImageCell.swift */,
				F2F8337723CB8F750072641B /* PXLImageCell.xib */,
				F25A2BD023CF952500D0D6D2 /* PXLProductCell.swift */,
				F25A2BD123CF952500D0D6D2 /* PXLProductCell.xib */,
			);
			path = Cells;
			sourceTree = "<group>";
		};
		F2F8337523CB86C30072641B /* ImageDetails */ = {
			isa = PBXGroup;
			children = (
				F2F8337123CB86BE0072641B /* ImageDetailsViewController.swift */,
				F2F8337223CB86BE0072641B /* ImageDetailsViewController.xib */,
			);
			path = ImageDetails;
			sourceTree = "<group>";
		};
/* End PBXGroup section */

/* Begin PBXNativeTarget section */
		F24D42F023C65BBE0091E324 /* Example */ = {
			isa = PBXNativeTarget;
			buildConfigurationList = F24D431B23C65BC00091E324 /* Build configuration list for PBXNativeTarget "Example" */;
			buildPhases = (
				7FA5180546C668439D416E67 /* [CP] Check Pods Manifest.lock */,
				F24D42ED23C65BBE0091E324 /* Sources */,
				F24D42EE23C65BBE0091E324 /* Frameworks */,
				F24D42EF23C65BBE0091E324 /* Resources */,
				9A51F088779DDFD0D2ADED32 /* [CP] Embed Pods Frameworks */,
			);
			buildRules = (
			);
			dependencies = (
			);
			name = Example;
			productName = Example;
			productReference = F24D42F123C65BBE0091E324 /* Example.app */;
			productType = "com.apple.product-type.application";
		};
		F24D430623C65BC00091E324 /* ExampleTests */ = {
			isa = PBXNativeTarget;
			buildConfigurationList = F24D431E23C65BC00091E324 /* Build configuration list for PBXNativeTarget "ExampleTests" */;
			buildPhases = (
				223E0FCE946F033B93A6E94B /* [CP] Check Pods Manifest.lock */,
				F24D430323C65BC00091E324 /* Sources */,
				F24D430423C65BC00091E324 /* Frameworks */,
				F24D430523C65BC00091E324 /* Resources */,
			);
			buildRules = (
			);
			dependencies = (
				F24D430923C65BC00091E324 /* PBXTargetDependency */,
			);
			name = ExampleTests;
			productName = ExampleTests;
			productReference = F24D430723C65BC00091E324 /* ExampleTests.xctest */;
			productType = "com.apple.product-type.bundle.unit-test";
		};
		F24D431123C65BC00091E324 /* ExampleUITests */ = {
			isa = PBXNativeTarget;
			buildConfigurationList = F24D432123C65BC00091E324 /* Build configuration list for PBXNativeTarget "ExampleUITests" */;
			buildPhases = (
				1A1735009330DF4B62CD0C59 /* [CP] Check Pods Manifest.lock */,
				F24D430E23C65BC00091E324 /* Sources */,
				F24D430F23C65BC00091E324 /* Frameworks */,
				F24D431023C65BC00091E324 /* Resources */,
				753ECFDD2F9FE2B3D7B8561C /* [CP] Embed Pods Frameworks */,
			);
			buildRules = (
			);
			dependencies = (
				F24D431423C65BC00091E324 /* PBXTargetDependency */,
			);
			name = ExampleUITests;
			productName = ExampleUITests;
			productReference = F24D431223C65BC00091E324 /* ExampleUITests.xctest */;
			productType = "com.apple.product-type.bundle.ui-testing";
		};
/* End PBXNativeTarget section */

/* Begin PBXProject section */
		F24D42E923C65BBE0091E324 /* Project object */ = {
			isa = PBXProject;
			attributes = {
				LastSwiftUpdateCheck = 1120;
				LastUpgradeCheck = 1120;
				ORGANIZATIONNAME = Pixlee;
				TargetAttributes = {
					F24D42F023C65BBE0091E324 = {
						CreatedOnToolsVersion = 11.2.1;
					};
					F24D430623C65BC00091E324 = {
						CreatedOnToolsVersion = 11.2.1;
						TestTargetID = F24D42F023C65BBE0091E324;
					};
					F24D431123C65BC00091E324 = {
						CreatedOnToolsVersion = 11.2.1;
						TestTargetID = F24D42F023C65BBE0091E324;
					};
				};
			};
			buildConfigurationList = F24D42EC23C65BBE0091E324 /* Build configuration list for PBXProject "Example" */;
			compatibilityVersion = "Xcode 9.3";
			developmentRegion = en;
			hasScannedForEncodings = 0;
			knownRegions = (
				en,
				Base,
			);
			mainGroup = F24D42E823C65BBE0091E324;
			productRefGroup = F24D42F223C65BBE0091E324 /* Products */;
			projectDirPath = "";
			projectRoot = "";
			targets = (
				F24D42F023C65BBE0091E324 /* Example */,
				F24D430623C65BC00091E324 /* ExampleTests */,
				F24D431123C65BC00091E324 /* ExampleUITests */,
			);
		};
/* End PBXProject section */

/* Begin PBXResourcesBuildPhase section */
		F24D42EF23C65BBE0091E324 /* Resources */ = {
			isa = PBXResourcesBuildPhase;
			buildActionMask = 2147483647;
			files = (
				F24D430123C65BBF0091E324 /* LaunchScreen.storyboard in Resources */,
				F2F8337923CB8F750072641B /* PXLImageCell.xib in Resources */,
				F24D42FE23C65BBF0091E324 /* Assets.xcassets in Resources */,
				F2F8337423CB86BE0072641B /* ImageDetailsViewController.xib in Resources */,
				F25A2BD323CF952500D0D6D2 /* PXLProductCell.xib in Resources */,
				F24D42FC23C65BBE0091E324 /* Main.storyboard in Resources */,
				F228094423CFA56A00B1E77C /* PXLAlbumViewController.xib in Resources */,
			);
			runOnlyForDeploymentPostprocessing = 0;
		};
		F24D430523C65BC00091E324 /* Resources */ = {
			isa = PBXResourcesBuildPhase;
			buildActionMask = 2147483647;
			files = (
			);
			runOnlyForDeploymentPostprocessing = 0;
		};
		F24D431023C65BC00091E324 /* Resources */ = {
			isa = PBXResourcesBuildPhase;
			buildActionMask = 2147483647;
			files = (
			);
			runOnlyForDeploymentPostprocessing = 0;
		};
/* End PBXResourcesBuildPhase section */

/* Begin PBXShellScriptBuildPhase section */
		1A1735009330DF4B62CD0C59 /* [CP] Check Pods Manifest.lock */ = {
			isa = PBXShellScriptBuildPhase;
			buildActionMask = 2147483647;
			files = (
			);
			inputFileListPaths = (
			);
			inputPaths = (
				"${PODS_PODFILE_DIR_PATH}/Podfile.lock",
				"${PODS_ROOT}/Manifest.lock",
			);
			name = "[CP] Check Pods Manifest.lock";
			outputFileListPaths = (
			);
			outputPaths = (
				"$(DERIVED_FILE_DIR)/Pods-Example-ExampleUITests-checkManifestLockResult.txt",
			);
			runOnlyForDeploymentPostprocessing = 0;
			shellPath = /bin/sh;
			shellScript = "diff \"${PODS_PODFILE_DIR_PATH}/Podfile.lock\" \"${PODS_ROOT}/Manifest.lock\" > /dev/null\nif [ $? != 0 ] ; then\n    # print error to STDERR\n    echo \"error: The sandbox is not in sync with the Podfile.lock. Run 'pod install' or update your CocoaPods installation.\" >&2\n    exit 1\nfi\n# This output is used by Xcode 'outputs' to avoid re-running this script phase.\necho \"SUCCESS\" > \"${SCRIPT_OUTPUT_FILE_0}\"\n";
			showEnvVarsInLog = 0;
		};
		223E0FCE946F033B93A6E94B /* [CP] Check Pods Manifest.lock */ = {
			isa = PBXShellScriptBuildPhase;
			buildActionMask = 2147483647;
			files = (
			);
			inputFileListPaths = (
			);
			inputPaths = (
				"${PODS_PODFILE_DIR_PATH}/Podfile.lock",
				"${PODS_ROOT}/Manifest.lock",
			);
			name = "[CP] Check Pods Manifest.lock";
			outputFileListPaths = (
			);
			outputPaths = (
				"$(DERIVED_FILE_DIR)/Pods-ExampleTests-checkManifestLockResult.txt",
			);
			runOnlyForDeploymentPostprocessing = 0;
			shellPath = /bin/sh;
			shellScript = "diff \"${PODS_PODFILE_DIR_PATH}/Podfile.lock\" \"${PODS_ROOT}/Manifest.lock\" > /dev/null\nif [ $? != 0 ] ; then\n    # print error to STDERR\n    echo \"error: The sandbox is not in sync with the Podfile.lock. Run 'pod install' or update your CocoaPods installation.\" >&2\n    exit 1\nfi\n# This output is used by Xcode 'outputs' to avoid re-running this script phase.\necho \"SUCCESS\" > \"${SCRIPT_OUTPUT_FILE_0}\"\n";
			showEnvVarsInLog = 0;
		};
		753ECFDD2F9FE2B3D7B8561C /* [CP] Embed Pods Frameworks */ = {
			isa = PBXShellScriptBuildPhase;
			buildActionMask = 2147483647;
			files = (
			);
			inputFileListPaths = (
				"${PODS_ROOT}/Target Support Files/Pods-Example-ExampleUITests/Pods-Example-ExampleUITests-frameworks-${CONFIGURATION}-input-files.xcfilelist",
			);
			name = "[CP] Embed Pods Frameworks";
			outputFileListPaths = (
				"${PODS_ROOT}/Target Support Files/Pods-Example-ExampleUITests/Pods-Example-ExampleUITests-frameworks-${CONFIGURATION}-output-files.xcfilelist",
			);
			runOnlyForDeploymentPostprocessing = 0;
			shellPath = /bin/sh;
			shellScript = "\"${PODS_ROOT}/Target Support Files/Pods-Example-ExampleUITests/Pods-Example-ExampleUITests-frameworks.sh\"\n";
			showEnvVarsInLog = 0;
		};
		7FA5180546C668439D416E67 /* [CP] Check Pods Manifest.lock */ = {
			isa = PBXShellScriptBuildPhase;
			buildActionMask = 2147483647;
			files = (
			);
			inputFileListPaths = (
			);
			inputPaths = (
				"${PODS_PODFILE_DIR_PATH}/Podfile.lock",
				"${PODS_ROOT}/Manifest.lock",
			);
			name = "[CP] Check Pods Manifest.lock";
			outputFileListPaths = (
			);
			outputPaths = (
				"$(DERIVED_FILE_DIR)/Pods-Example-checkManifestLockResult.txt",
			);
			runOnlyForDeploymentPostprocessing = 0;
			shellPath = /bin/sh;
			shellScript = "diff \"${PODS_PODFILE_DIR_PATH}/Podfile.lock\" \"${PODS_ROOT}/Manifest.lock\" > /dev/null\nif [ $? != 0 ] ; then\n    # print error to STDERR\n    echo \"error: The sandbox is not in sync with the Podfile.lock. Run 'pod install' or update your CocoaPods installation.\" >&2\n    exit 1\nfi\n# This output is used by Xcode 'outputs' to avoid re-running this script phase.\necho \"SUCCESS\" > \"${SCRIPT_OUTPUT_FILE_0}\"\n";
			showEnvVarsInLog = 0;
		};
		9A51F088779DDFD0D2ADED32 /* [CP] Embed Pods Frameworks */ = {
			isa = PBXShellScriptBuildPhase;
			buildActionMask = 2147483647;
			files = (
			);
			inputFileListPaths = (
				"${PODS_ROOT}/Target Support Files/Pods-Example/Pods-Example-frameworks-${CONFIGURATION}-input-files.xcfilelist",
			);
			name = "[CP] Embed Pods Frameworks";
			outputFileListPaths = (
				"${PODS_ROOT}/Target Support Files/Pods-Example/Pods-Example-frameworks-${CONFIGURATION}-output-files.xcfilelist",
			);
			runOnlyForDeploymentPostprocessing = 0;
			shellPath = /bin/sh;
			shellScript = "\"${PODS_ROOT}/Target Support Files/Pods-Example/Pods-Example-frameworks.sh\"\n";
			showEnvVarsInLog = 0;
		};
/* End PBXShellScriptBuildPhase section */

/* Begin PBXSourcesBuildPhase section */
		F24D42ED23C65BBE0091E324 /* Sources */ = {
			isa = PBXSourcesBuildPhase;
			buildActionMask = 2147483647;
			files = (
				F228094723CFACE000B1E77C /* DateExtension.swift in Sources */,
				F2F8337823CB8F750072641B /* PXLImageCell.swift in Sources */,
				F2F8337323CB86BE0072641B /* ImageDetailsViewController.swift in Sources */,
				F25A2BD223CF952500D0D6D2 /* PXLProductCell.swift in Sources */,
				F24D42F923C65BBE0091E324 /* ViewController.swift in Sources */,
				F228094323CFA56A00B1E77C /* PXLAlbumViewController.swift in Sources */,
				F24D42F523C65BBE0091E324 /* AppDelegate.swift in Sources */,
				F24D42F723C65BBE0091E324 /* SceneDelegate.swift in Sources */,
				F272622323D1C6D7000EB947 /* PXLAlbumViewModel.swift in Sources */,
			);
			runOnlyForDeploymentPostprocessing = 0;
		};
		F24D430323C65BC00091E324 /* Sources */ = {
			isa = PBXSourcesBuildPhase;
			buildActionMask = 2147483647;
			files = (
				F24D430C23C65BC00091E324 /* ExampleTests.swift in Sources */,
			);
			runOnlyForDeploymentPostprocessing = 0;
		};
		F24D430E23C65BC00091E324 /* Sources */ = {
			isa = PBXSourcesBuildPhase;
			buildActionMask = 2147483647;
			files = (
				F24D431723C65BC00091E324 /* ExampleUITests.swift in Sources */,
			);
			runOnlyForDeploymentPostprocessing = 0;
		};
/* End PBXSourcesBuildPhase section */

/* Begin PBXTargetDependency section */
		F24D430923C65BC00091E324 /* PBXTargetDependency */ = {
			isa = PBXTargetDependency;
			target = F24D42F023C65BBE0091E324 /* Example */;
			targetProxy = F24D430823C65BC00091E324 /* PBXContainerItemProxy */;
		};
		F24D431423C65BC00091E324 /* PBXTargetDependency */ = {
			isa = PBXTargetDependency;
			target = F24D42F023C65BBE0091E324 /* Example */;
			targetProxy = F24D431323C65BC00091E324 /* PBXContainerItemProxy */;
		};
/* End PBXTargetDependency section */

/* Begin PBXVariantGroup section */
		F24D42FA23C65BBE0091E324 /* Main.storyboard */ = {
			isa = PBXVariantGroup;
			children = (
				F24D42FB23C65BBE0091E324 /* Base */,
			);
			name = Main.storyboard;
			sourceTree = "<group>";
		};
		F24D42FF23C65BBF0091E324 /* LaunchScreen.storyboard */ = {
			isa = PBXVariantGroup;
			children = (
				F24D430023C65BBF0091E324 /* Base */,
			);
			name = LaunchScreen.storyboard;
			sourceTree = "<group>";
		};
/* End PBXVariantGroup section */

/* Begin XCBuildConfiguration section */
		F24D431923C65BC00091E324 /* Debug */ = {
			isa = XCBuildConfiguration;
			buildSettings = {
				ALWAYS_SEARCH_USER_PATHS = NO;
				CLANG_ANALYZER_NONNULL = YES;
				CLANG_ANALYZER_NUMBER_OBJECT_CONVERSION = YES_AGGRESSIVE;
				CLANG_CXX_LANGUAGE_STANDARD = "gnu++14";
				CLANG_CXX_LIBRARY = "libc++";
				CLANG_ENABLE_MODULES = YES;
				CLANG_ENABLE_OBJC_ARC = YES;
				CLANG_ENABLE_OBJC_WEAK = YES;
				CLANG_WARN_BLOCK_CAPTURE_AUTORELEASING = YES;
				CLANG_WARN_BOOL_CONVERSION = YES;
				CLANG_WARN_COMMA = YES;
				CLANG_WARN_CONSTANT_CONVERSION = YES;
				CLANG_WARN_DEPRECATED_OBJC_IMPLEMENTATIONS = YES;
				CLANG_WARN_DIRECT_OBJC_ISA_USAGE = YES_ERROR;
				CLANG_WARN_DOCUMENTATION_COMMENTS = YES;
				CLANG_WARN_EMPTY_BODY = YES;
				CLANG_WARN_ENUM_CONVERSION = YES;
				CLANG_WARN_INFINITE_RECURSION = YES;
				CLANG_WARN_INT_CONVERSION = YES;
				CLANG_WARN_NON_LITERAL_NULL_CONVERSION = YES;
				CLANG_WARN_OBJC_IMPLICIT_RETAIN_SELF = YES;
				CLANG_WARN_OBJC_LITERAL_CONVERSION = YES;
				CLANG_WARN_OBJC_ROOT_CLASS = YES_ERROR;
				CLANG_WARN_RANGE_LOOP_ANALYSIS = YES;
				CLANG_WARN_STRICT_PROTOTYPES = YES;
				CLANG_WARN_SUSPICIOUS_MOVE = YES;
				CLANG_WARN_UNGUARDED_AVAILABILITY = YES_AGGRESSIVE;
				CLANG_WARN_UNREACHABLE_CODE = YES;
				CLANG_WARN__DUPLICATE_METHOD_MATCH = YES;
				COPY_PHASE_STRIP = NO;
				DEBUG_INFORMATION_FORMAT = dwarf;
				ENABLE_STRICT_OBJC_MSGSEND = YES;
				ENABLE_TESTABILITY = YES;
				GCC_C_LANGUAGE_STANDARD = gnu11;
				GCC_DYNAMIC_NO_PIC = NO;
				GCC_NO_COMMON_BLOCKS = YES;
				GCC_OPTIMIZATION_LEVEL = 0;
				GCC_PREPROCESSOR_DEFINITIONS = (
					"DEBUG=1",
					"$(inherited)",
				);
				GCC_WARN_64_TO_32_BIT_CONVERSION = YES;
				GCC_WARN_ABOUT_RETURN_TYPE = YES_ERROR;
				GCC_WARN_UNDECLARED_SELECTOR = YES;
				GCC_WARN_UNINITIALIZED_AUTOS = YES_AGGRESSIVE;
				GCC_WARN_UNUSED_FUNCTION = YES;
				GCC_WARN_UNUSED_VARIABLE = YES;
				IPHONEOS_DEPLOYMENT_TARGET = 13.2;
				MTL_ENABLE_DEBUG_INFO = INCLUDE_SOURCE;
				MTL_FAST_MATH = YES;
				ONLY_ACTIVE_ARCH = YES;
				SDKROOT = iphoneos;
				SWIFT_ACTIVE_COMPILATION_CONDITIONS = DEBUG;
				SWIFT_OPTIMIZATION_LEVEL = "-Onone";
			};
			name = Debug;
		};
		F24D431A23C65BC00091E324 /* Release */ = {
			isa = XCBuildConfiguration;
			buildSettings = {
				ALWAYS_SEARCH_USER_PATHS = NO;
				CLANG_ANALYZER_NONNULL = YES;
				CLANG_ANALYZER_NUMBER_OBJECT_CONVERSION = YES_AGGRESSIVE;
				CLANG_CXX_LANGUAGE_STANDARD = "gnu++14";
				CLANG_CXX_LIBRARY = "libc++";
				CLANG_ENABLE_MODULES = YES;
				CLANG_ENABLE_OBJC_ARC = YES;
				CLANG_ENABLE_OBJC_WEAK = YES;
				CLANG_WARN_BLOCK_CAPTURE_AUTORELEASING = YES;
				CLANG_WARN_BOOL_CONVERSION = YES;
				CLANG_WARN_COMMA = YES;
				CLANG_WARN_CONSTANT_CONVERSION = YES;
				CLANG_WARN_DEPRECATED_OBJC_IMPLEMENTATIONS = YES;
				CLANG_WARN_DIRECT_OBJC_ISA_USAGE = YES_ERROR;
				CLANG_WARN_DOCUMENTATION_COMMENTS = YES;
				CLANG_WARN_EMPTY_BODY = YES;
				CLANG_WARN_ENUM_CONVERSION = YES;
				CLANG_WARN_INFINITE_RECURSION = YES;
				CLANG_WARN_INT_CONVERSION = YES;
				CLANG_WARN_NON_LITERAL_NULL_CONVERSION = YES;
				CLANG_WARN_OBJC_IMPLICIT_RETAIN_SELF = YES;
				CLANG_WARN_OBJC_LITERAL_CONVERSION = YES;
				CLANG_WARN_OBJC_ROOT_CLASS = YES_ERROR;
				CLANG_WARN_RANGE_LOOP_ANALYSIS = YES;
				CLANG_WARN_STRICT_PROTOTYPES = YES;
				CLANG_WARN_SUSPICIOUS_MOVE = YES;
				CLANG_WARN_UNGUARDED_AVAILABILITY = YES_AGGRESSIVE;
				CLANG_WARN_UNREACHABLE_CODE = YES;
				CLANG_WARN__DUPLICATE_METHOD_MATCH = YES;
				COPY_PHASE_STRIP = NO;
				DEBUG_INFORMATION_FORMAT = "dwarf-with-dsym";
				ENABLE_NS_ASSERTIONS = NO;
				ENABLE_STRICT_OBJC_MSGSEND = YES;
				GCC_C_LANGUAGE_STANDARD = gnu11;
				GCC_NO_COMMON_BLOCKS = YES;
				GCC_WARN_64_TO_32_BIT_CONVERSION = YES;
				GCC_WARN_ABOUT_RETURN_TYPE = YES_ERROR;
				GCC_WARN_UNDECLARED_SELECTOR = YES;
				GCC_WARN_UNINITIALIZED_AUTOS = YES_AGGRESSIVE;
				GCC_WARN_UNUSED_FUNCTION = YES;
				GCC_WARN_UNUSED_VARIABLE = YES;
				IPHONEOS_DEPLOYMENT_TARGET = 13.2;
				MTL_ENABLE_DEBUG_INFO = NO;
				MTL_FAST_MATH = YES;
				SDKROOT = iphoneos;
				SWIFT_COMPILATION_MODE = wholemodule;
				SWIFT_OPTIMIZATION_LEVEL = "-O";
				VALIDATE_PRODUCT = YES;
			};
			name = Release;
		};
		F24D431C23C65BC00091E324 /* Debug */ = {
			isa = XCBuildConfiguration;
			baseConfigurationReference = 7B44DCFD7ACC0F08BDE34329 /* Pods-Example.debug.xcconfig */;
			buildSettings = {
				ASSETCATALOG_COMPILER_APPICON_NAME = AppIcon;
				CODE_SIGN_STYLE = Automatic;
				DEVELOPMENT_TEAM = 6HRLMQGMGT;
				INFOPLIST_FILE = Example/Info.plist;
				LD_RUNPATH_SEARCH_PATHS = (
					"$(inherited)",
					"@executable_path/Frameworks",
				);
				PRODUCT_BUNDLE_IDENTIFIER = PXL.Example;
				PRODUCT_NAME = "$(TARGET_NAME)";
				SWIFT_VERSION = 5.0;
				TARGETED_DEVICE_FAMILY = "1,2";
			};
			name = Debug;
		};
		F24D431D23C65BC00091E324 /* Release */ = {
			isa = XCBuildConfiguration;
			baseConfigurationReference = 5CA2236C7314A391A218AFB3 /* Pods-Example.release.xcconfig */;
			buildSettings = {
				ASSETCATALOG_COMPILER_APPICON_NAME = AppIcon;
				CODE_SIGN_STYLE = Automatic;
				DEVELOPMENT_TEAM = 6HRLMQGMGT;
				INFOPLIST_FILE = Example/Info.plist;
				LD_RUNPATH_SEARCH_PATHS = (
					"$(inherited)",
					"@executable_path/Frameworks",
				);
				PRODUCT_BUNDLE_IDENTIFIER = PXL.Example;
				PRODUCT_NAME = "$(TARGET_NAME)";
				SWIFT_VERSION = 5.0;
				TARGETED_DEVICE_FAMILY = "1,2";
			};
			name = Release;
		};
		F24D431F23C65BC00091E324 /* Debug */ = {
			isa = XCBuildConfiguration;
			baseConfigurationReference = 09709C7B56523FEF6ADF2C49 /* Pods-ExampleTests.debug.xcconfig */;
			buildSettings = {
				ALWAYS_EMBED_SWIFT_STANDARD_LIBRARIES = YES;
				BUNDLE_LOADER = "$(TEST_HOST)";
				CODE_SIGN_STYLE = Automatic;
				DEVELOPMENT_TEAM = 6HRLMQGMGT;
				INFOPLIST_FILE = ExampleTests/Info.plist;
				IPHONEOS_DEPLOYMENT_TARGET = 13.2;
				LD_RUNPATH_SEARCH_PATHS = (
					"$(inherited)",
					"@executable_path/Frameworks",
					"@loader_path/Frameworks",
				);
				PRODUCT_BUNDLE_IDENTIFIER = PXL.ExampleTests;
				PRODUCT_NAME = "$(TARGET_NAME)";
				SWIFT_VERSION = 5.0;
				TARGETED_DEVICE_FAMILY = "1,2";
				TEST_HOST = "$(BUILT_PRODUCTS_DIR)/Example.app/Example";
			};
			name = Debug;
		};
		F24D432023C65BC00091E324 /* Release */ = {
			isa = XCBuildConfiguration;
			baseConfigurationReference = 0E545E1A5E7B8ADBE31AF7FD /* Pods-ExampleTests.release.xcconfig */;
			buildSettings = {
				ALWAYS_EMBED_SWIFT_STANDARD_LIBRARIES = YES;
				BUNDLE_LOADER = "$(TEST_HOST)";
				CODE_SIGN_STYLE = Automatic;
				DEVELOPMENT_TEAM = 6HRLMQGMGT;
				INFOPLIST_FILE = ExampleTests/Info.plist;
				IPHONEOS_DEPLOYMENT_TARGET = 13.2;
				LD_RUNPATH_SEARCH_PATHS = (
					"$(inherited)",
					"@executable_path/Frameworks",
					"@loader_path/Frameworks",
				);
				PRODUCT_BUNDLE_IDENTIFIER = PXL.ExampleTests;
				PRODUCT_NAME = "$(TARGET_NAME)";
				SWIFT_VERSION = 5.0;
				TARGETED_DEVICE_FAMILY = "1,2";
				TEST_HOST = "$(BUILT_PRODUCTS_DIR)/Example.app/Example";
			};
			name = Release;
		};
		F24D432223C65BC00091E324 /* Debug */ = {
			isa = XCBuildConfiguration;
			baseConfigurationReference = A014A7C4C477C418F331B7C8 /* Pods-Example-ExampleUITests.debug.xcconfig */;
			buildSettings = {
				ALWAYS_EMBED_SWIFT_STANDARD_LIBRARIES = YES;
				CODE_SIGN_STYLE = Automatic;
				DEVELOPMENT_TEAM = 6HRLMQGMGT;
				INFOPLIST_FILE = ExampleUITests/Info.plist;
				LD_RUNPATH_SEARCH_PATHS = (
					"$(inherited)",
					"@executable_path/Frameworks",
					"@loader_path/Frameworks",
				);
				PRODUCT_BUNDLE_IDENTIFIER = PXL.ExampleUITests;
				PRODUCT_NAME = "$(TARGET_NAME)";
				SWIFT_VERSION = 5.0;
				TARGETED_DEVICE_FAMILY = "1,2";
				TEST_TARGET_NAME = Example;
			};
			name = Debug;
		};
		F24D432323C65BC00091E324 /* Release */ = {
			isa = XCBuildConfiguration;
			baseConfigurationReference = DCAC9142E4ADF433F94D5960 /* Pods-Example-ExampleUITests.release.xcconfig */;
			buildSettings = {
				ALWAYS_EMBED_SWIFT_STANDARD_LIBRARIES = YES;
				CODE_SIGN_STYLE = Automatic;
				DEVELOPMENT_TEAM = 6HRLMQGMGT;
				INFOPLIST_FILE = ExampleUITests/Info.plist;
				LD_RUNPATH_SEARCH_PATHS = (
					"$(inherited)",
					"@executable_path/Frameworks",
					"@loader_path/Frameworks",
				);
				PRODUCT_BUNDLE_IDENTIFIER = PXL.ExampleUITests;
				PRODUCT_NAME = "$(TARGET_NAME)";
				SWIFT_VERSION = 5.0;
				TARGETED_DEVICE_FAMILY = "1,2";
				TEST_TARGET_NAME = Example;
			};
			name = Release;
		};
/* End XCBuildConfiguration section */

/* Begin XCConfigurationList section */
		F24D42EC23C65BBE0091E324 /* Build configuration list for PBXProject "Example" */ = {
			isa = XCConfigurationList;
			buildConfigurations = (
				F24D431923C65BC00091E324 /* Debug */,
				F24D431A23C65BC00091E324 /* Release */,
			);
			defaultConfigurationIsVisible = 0;
			defaultConfigurationName = Release;
		};
		F24D431B23C65BC00091E324 /* Build configuration list for PBXNativeTarget "Example" */ = {
			isa = XCConfigurationList;
			buildConfigurations = (
				F24D431C23C65BC00091E324 /* Debug */,
				F24D431D23C65BC00091E324 /* Release */,
			);
			defaultConfigurationIsVisible = 0;
			defaultConfigurationName = Release;
		};
		F24D431E23C65BC00091E324 /* Build configuration list for PBXNativeTarget "ExampleTests" */ = {
			isa = XCConfigurationList;
			buildConfigurations = (
				F24D431F23C65BC00091E324 /* Debug */,
				F24D432023C65BC00091E324 /* Release */,
			);
			defaultConfigurationIsVisible = 0;
			defaultConfigurationName = Release;
		};
		F24D432123C65BC00091E324 /* Build configuration list for PBXNativeTarget "ExampleUITests" */ = {
			isa = XCConfigurationList;
			buildConfigurations = (
				F24D432223C65BC00091E324 /* Debug */,
				F24D432323C65BC00091E324 /* Release */,
			);
			defaultConfigurationIsVisible = 0;
			defaultConfigurationName = Release;
		};
/* End XCConfigurationList section */
	};
	rootObject = F24D42E923C65BBE0091E324 /* Project object */;
}
